
Microsoft Visual Studio Solution File, Format Version 12.00
# Visual Studio Version 17
VisualStudioVersion = 17.7.34202.233
MinimumVisualStudioVersion = 10.0.40219.1
Project("{FAE04EC0-301F-11D3-BF4B-00C04F79EFBC}") = "practica 7 U3", "practica 7 U3.csproj", "{D3837E59-B953-417C-A15B-140C8E5BA8E3}"
EndProject
Global
	GlobalSection(SolutionConfigurationPlatforms) = preSolution
		Debug|Any CPU = Debug|Any CPU
		Release|Any CPU = Release|Any CPU
	EndGlobalSection
	GlobalSection(ProjectConfigurationPlatforms) = postSolution
		{D3837E59-B953-417C-A15B-140C8E5BA8E3}.Debug|Any CPU.ActiveCfg = Debug|Any CPU
		{D3837E59-B953-417C-A15B-140C8E5BA8E3}.Debug|Any CPU.Build.0 = Debug|Any CPU
		{D3837E59-B953-417C-A15B-140C8E5BA8E3}.Release|Any CPU.ActiveCfg = Release|Any CPU
		{D3837E59-B953-417C-A15B-140C8E5BA8E3}.Release|Any CPU.Build.0 = Release|Any CPU
	EndGlobalSection
	GlobalSection(SolutionProperties) = preSolution
		HideSolutionNode = FALSE
	EndGlobalSection
	GlobalSection(ExtensibilityGlobals) = postSolution
		SolutionGuid = {CBAC11DD-35F1-4EFB-88F5-0590E57209C0}
	EndGlobalSection
EndGlobal
